
Microsoft Visual Studio Solution File, Format Version 12.00
# Visual Studio Version 17
VisualStudioVersion = 17.14.36408.4 d17.14
MinimumVisualStudioVersion = 10.0.40219.1
Project("{FAE04EC0-301F-11D3-BF4B-00C04F79EFBC}") = "ExcelToSql", "ExcelToSql\ExcelToSql.csproj", "{CAEC4CDA-F5DE-4FC3-A336-A7F729D96EBE}"
EndProject
Global
	GlobalSection(SolutionConfigurationPlatforms) = preSolution
		Debug|Any CPU = Debug|Any CPU
		Release|Any CPU = Release|Any CPU
	EndGlobalSection
	GlobalSection(ProjectConfigurationPlatforms) = postSolution
		{CAEC4CDA-F5DE-4FC3-A336-A7F729D96EBE}.Debug|Any CPU.ActiveCfg = Debug|Any CPU
		{CAEC4CDA-F5DE-4FC3-A336-A7F729D96EBE}.Debug|Any CPU.Build.0 = Debug|Any CPU
		{CAEC4CDA-F5DE-4FC3-A336-A7F729D96EBE}.Release|Any CPU.ActiveCfg = Release|Any CPU
		{CAEC4CDA-F5DE-4FC3-A336-A7F729D96EBE}.Release|Any CPU.Build.0 = Release|Any CPU
	EndGlobalSection
	GlobalSection(SolutionProperties) = preSolution
		HideSolutionNode = FALSE
	EndGlobalSection
	GlobalSection(ExtensibilityGlobals) = postSolution
		SolutionGuid = {4F164FC1-6E40-430E-AA30-4B647A94ADBF}
	EndGlobalSection
EndGlobal
